
Microsoft Visual Studio Solution File, Format Version 11.00
# Visual Studio 2010
Project("{FAE04EC0-301F-11D3-BF4B-00C04F79EFBC}") = "WebRole", "WebRole\WebRole.csproj", "{2F65ADBF-4B88-43FD-9388-39E17A26AFB6}"
EndProject
Project("{FAE04EC0-301F-11D3-BF4B-00C04F79EFBC}") = "WebRoleIntegrationTests", "WebRoleIntegrationTests\WebRoleIntegrationTests.csproj", "{BF38A249-4A0E-4DB8-BE07-A03C3D984E79}"
EndProject
Project("{FAE04EC0-301F-11D3-BF4B-00C04F79EFBC}") = "WorkerRole", "WorkerRole\WorkerRole.csproj", "{E7BC501D-A025-4EFF-A8B0-A2B278DDF4D1}"
EndProject
Project("{FAE04EC0-301F-11D3-BF4B-00C04F79EFBC}") = "WorkerRoleIntegrationTests", "WorkerRoleIntegrationTests\WorkerRoleIntegrationTests.csproj", "{67171AA9-0056-494A-9367-0389E3E448BD}"
EndProject
Project("{2150E333-8FDC-42A3-9474-1A3956D46DE8}") = "Solution Items", "Solution Items", "{A0628598-32A1-4A24-88C2-31AAC5AF1B79}"
	ProjectSection(SolutionItems) = preProject
		Local.testsettings = Local.testsettings
		RuntimeIoc.vsmdi = RuntimeIoc.vsmdi
		TraceAndTestImpact.testsettings = TraceAndTestImpact.testsettings
	EndProjectSection
EndProject
Global
	GlobalSection(TestCaseManagementSettings) = postSolution
		CategoryFile = RuntimeIoc.vsmdi
	EndGlobalSection
	GlobalSection(SolutionConfigurationPlatforms) = preSolution
		Debug|Any CPU = Debug|Any CPU
		Release|Any CPU = Release|Any CPU
	EndGlobalSection
	GlobalSection(ProjectConfigurationPlatforms) = postSolution
		{2F65ADBF-4B88-43FD-9388-39E17A26AFB6}.Debug|Any CPU.ActiveCfg = Debug|Any CPU
		{2F65ADBF-4B88-43FD-9388-39E17A26AFB6}.Debug|Any CPU.Build.0 = Debug|Any CPU
		{2F65ADBF-4B88-43FD-9388-39E17A26AFB6}.Release|Any CPU.ActiveCfg = Release|Any CPU
		{2F65ADBF-4B88-43FD-9388-39E17A26AFB6}.Release|Any CPU.Build.0 = Release|Any CPU
		{BF38A249-4A0E-4DB8-BE07-A03C3D984E79}.Debug|Any CPU.ActiveCfg = Debug|Any CPU
		{BF38A249-4A0E-4DB8-BE07-A03C3D984E79}.Debug|Any CPU.Build.0 = Debug|Any CPU
		{BF38A249-4A0E-4DB8-BE07-A03C3D984E79}.Release|Any CPU.ActiveCfg = Release|Any CPU
		{BF38A249-4A0E-4DB8-BE07-A03C3D984E79}.Release|Any CPU.Build.0 = Release|Any CPU
		{E7BC501D-A025-4EFF-A8B0-A2B278DDF4D1}.Debug|Any CPU.ActiveCfg = Debug|Any CPU
		{E7BC501D-A025-4EFF-A8B0-A2B278DDF4D1}.Debug|Any CPU.Build.0 = Debug|Any CPU
		{E7BC501D-A025-4EFF-A8B0-A2B278DDF4D1}.Release|Any CPU.ActiveCfg = Release|Any CPU
		{E7BC501D-A025-4EFF-A8B0-A2B278DDF4D1}.Release|Any CPU.Build.0 = Release|Any CPU
		{67171AA9-0056-494A-9367-0389E3E448BD}.Debug|Any CPU.ActiveCfg = Debug|Any CPU
		{67171AA9-0056-494A-9367-0389E3E448BD}.Debug|Any CPU.Build.0 = Debug|Any CPU
		{67171AA9-0056-494A-9367-0389E3E448BD}.Release|Any CPU.ActiveCfg = Release|Any CPU
		{67171AA9-0056-494A-9367-0389E3E448BD}.Release|Any CPU.Build.0 = Release|Any CPU
	EndGlobalSection
	GlobalSection(SolutionProperties) = preSolution
		HideSolutionNode = FALSE
	EndGlobalSection
EndGlobal
